// !$*UTF8*$!
{
	archiveVersion = 1;
	classes = {
	};
	objectVersion = 55;
	objects = {

/* Begin PBXBuildFile section */
		64023A31285CEEF5009C648D /* Tests.mm in Sources */ = {isa = PBXBuildFile; fileRef = 64023A30285CEEF5009C648D /* Tests.mm */; };
		64023A32285CEEF5009C648D /* libnumpp.a in Frameworks */ = {isa = PBXBuildFile; fileRef = 64023A21285CEEAB009C648D /* libnumpp.a */; };
		64023A3A285CF1A3009C648D /* ndarray.cpp in Sources */ = {isa = PBXBuildFile; fileRef = 64023A38285CF1A3009C648D /* ndarray.cpp */; };
		64023A3B285CF1A3009C648D /* ndarray.cpp in Sources */ = {isa = PBXBuildFile; fileRef = 64023A38285CF1A3009C648D /* ndarray.cpp */; };
		64023A3C285CF1A3009C648D /* ndarray.hpp in Headers */ = {isa = PBXBuildFile; fileRef = 64023A39285CF1A3009C648D /* ndarray.hpp */; };
/* End PBXBuildFile section */

/* Begin PBXContainerItemProxy section */
		64023A33285CEEF5009C648D /* PBXContainerItemProxy */ = {
			isa = PBXContainerItemProxy;
			containerPortal = 64023A19285CEEAB009C648D /* Project object */;
			proxyType = 1;
			remoteGlobalIDString = 64023A20285CEEAB009C648D;
			remoteInfo = numpp;
		};
/* End PBXContainerItemProxy section */

/* Begin PBXFileReference section */
		64023A21285CEEAB009C648D /* libnumpp.a */ = {isa = PBXFileReference; explicitFileType = archive.ar; includeInIndex = 0; path = libnumpp.a; sourceTree = BUILT_PRODUCTS_DIR; };
		64023A2E285CEEF5009C648D /* Tests.xctest */ = {isa = PBXFileReference; explicitFileType = wrapper.cfbundle; includeInIndex = 0; path = Tests.xctest; sourceTree = BUILT_PRODUCTS_DIR; };
		64023A30285CEEF5009C648D /* Tests.mm */ = {isa = PBXFileReference; lastKnownFileType = sourcecode.cpp.objcpp; path = Tests.mm; sourceTree = "<group>"; };
		64023A38285CF1A3009C648D /* ndarray.cpp */ = {isa = PBXFileReference; lastKnownFileType = sourcecode.cpp.cpp; path = ndarray.cpp; sourceTree = "<group>"; };
		64023A39285CF1A3009C648D /* ndarray.hpp */ = {isa = PBXFileReference; lastKnownFileType = sourcecode.cpp.h; path = ndarray.hpp; sourceTree = "<group>"; };
/* End PBXFileReference section */

/* Begin PBXFrameworksBuildPhase section */
		64023A1F285CEEAB009C648D /* Frameworks */ = {
			isa = PBXFrameworksBuildPhase;
			buildActionMask = 2147483647;
			files = (
			);
			runOnlyForDeploymentPostprocessing = 0;
		};
		64023A2B285CEEF5009C648D /* Frameworks */ = {
			isa = PBXFrameworksBuildPhase;
			buildActionMask = 2147483647;
			files = (
				64023A32285CEEF5009C648D /* libnumpp.a in Frameworks */,
			);
			runOnlyForDeploymentPostprocessing = 0;
		};
/* End PBXFrameworksBuildPhase section */

/* Begin PBXGroup section */
		64023A18285CEEAB009C648D = {
			isa = PBXGroup;
			children = (
				64023A28285CEEB3009C648D /* Source */,
				64023A2F285CEEF5009C648D /* Tests */,
				64023A22285CEEAB009C648D /* Products */,
			);
			sourceTree = "<group>";
		};
		64023A22285CEEAB009C648D /* Products */ = {
			isa = PBXGroup;
			children = (
				64023A21285CEEAB009C648D /* libnumpp.a */,
				64023A2E285CEEF5009C648D /* Tests.xctest */,
			);
			name = Products;
			sourceTree = "<group>";
		};
		64023A28285CEEB3009C648D /* Source */ = {
			isa = PBXGroup;
			children = (
				64023A38285CF1A3009C648D /* ndarray.cpp */,
				64023A39285CF1A3009C648D /* ndarray.hpp */,
			);
			path = Source;
			sourceTree = "<group>";
		};
		64023A2F285CEEF5009C648D /* Tests */ = {
			isa = PBXGroup;
			children = (
				64023A30285CEEF5009C648D /* Tests.mm */,
			);
			path = Tests;
			sourceTree = "<group>";
		};
/* End PBXGroup section */

/* Begin PBXHeadersBuildPhase section */
		64023A1D285CEEAB009C648D /* Headers */ = {
			isa = PBXHeadersBuildPhase;
			buildActionMask = 2147483647;
			files = (
				64023A3C285CF1A3009C648D /* ndarray.hpp in Headers */,
			);
			runOnlyForDeploymentPostprocessing = 0;
		};
/* End PBXHeadersBuildPhase section */

/* Begin PBXNativeTarget section */
		64023A20285CEEAB009C648D /* numpp */ = {
			isa = PBXNativeTarget;
			buildConfigurationList = 64023A25285CEEAB009C648D /* Build configuration list for PBXNativeTarget "numpp" */;
			buildPhases = (
				64023A1D285CEEAB009C648D /* Headers */,
				64023A1E285CEEAB009C648D /* Sources */,
				64023A1F285CEEAB009C648D /* Frameworks */,
			);
			buildRules = (
			);
			dependencies = (
			);
			name = numpp;
			productName = numpp;
			productReference = 64023A21285CEEAB009C648D /* libnumpp.a */;
			productType = "com.apple.product-type.library.static";
		};
		64023A2D285CEEF5009C648D /* Tests */ = {
			isa = PBXNativeTarget;
			buildConfigurationList = 64023A35285CEEF5009C648D /* Build configuration list for PBXNativeTarget "Tests" */;
			buildPhases = (
				64023A2A285CEEF5009C648D /* Sources */,
				64023A2B285CEEF5009C648D /* Frameworks */,
				64023A2C285CEEF5009C648D /* Resources */,
			);
			buildRules = (
			);
			dependencies = (
				64023A34285CEEF5009C648D /* PBXTargetDependency */,
			);
			name = Tests;
			productName = Tests;
			productReference = 64023A2E285CEEF5009C648D /* Tests.xctest */;
			productType = "com.apple.product-type.bundle.unit-test";
		};
/* End PBXNativeTarget section */

/* Begin PBXProject section */
		64023A19285CEEAB009C648D /* Project object */ = {
			isa = PBXProject;
			attributes = {
				BuildIndependentTargetsInParallel = 1;
				LastUpgradeCheck = 1340;
				TargetAttributes = {
					64023A20285CEEAB009C648D = {
						CreatedOnToolsVersion = 13.4.1;
					};
					64023A2D285CEEF5009C648D = {
						CreatedOnToolsVersion = 13.4.1;
					};
				};
			};
			buildConfigurationList = 64023A1C285CEEAB009C648D /* Build configuration list for PBXProject "numpp" */;
			compatibilityVersion = "Xcode 13.0";
			developmentRegion = en;
			hasScannedForEncodings = 0;
			knownRegions = (
				en,
				Base,
			);
			mainGroup = 64023A18285CEEAB009C648D;
			productRefGroup = 64023A22285CEEAB009C648D /* Products */;
			projectDirPath = "";
			projectRoot = "";
			targets = (
				64023A20285CEEAB009C648D /* numpp */,
				64023A2D285CEEF5009C648D /* Tests */,
			);
		};
/* End PBXProject section */

/* Begin PBXResourcesBuildPhase section */
		64023A2C285CEEF5009C648D /* Resources */ = {
			isa = PBXResourcesBuildPhase;
			buildActionMask = 2147483647;
			files = (
			);
			runOnlyForDeploymentPostprocessing = 0;
		};
/* End PBXResourcesBuildPhase section */

/* Begin PBXSourcesBuildPhase section */
		64023A1E285CEEAB009C648D /* Sources */ = {
			isa = PBXSourcesBuildPhase;
			buildActionMask = 2147483647;
			files = (
				64023A3A285CF1A3009C648D /* ndarray.cpp in Sources */,
			);
			runOnlyForDeploymentPostprocessing = 0;
		};
		64023A2A285CEEF5009C648D /* Sources */ = {
			isa = PBXSourcesBuildPhase;
			buildActionMask = 2147483647;
			files = (
				64023A31285CEEF5009C648D /* Tests.mm in Sources */,
				64023A3B285CF1A3009C648D /* ndarray.cpp in Sources */,
			);
			runOnlyForDeploymentPostprocessing = 0;
		};
/* End PBXSourcesBuildPhase section */

/* Begin PBXTargetDependency section */
		64023A34285CEEF5009C648D /* PBXTargetDependency */ = {
			isa = PBXTargetDependency;
			target = 64023A20285CEEAB009C648D /* numpp */;
			targetProxy = 64023A33285CEEF5009C648D /* PBXContainerItemProxy */;
		};
/* End PBXTargetDependency section */

/* Begin XCBuildConfiguration section */
		64023A23285CEEAB009C648D /* Debug */ = {
			isa = XCBuildConfiguration;
			buildSettings = {
				ALWAYS_SEARCH_USER_PATHS = NO;
				CLANG_ANALYZER_NONNULL = YES;
				CLANG_ANALYZER_NUMBER_OBJECT_CONVERSION = YES_AGGRESSIVE;
				CLANG_CXX_LANGUAGE_STANDARD = "gnu++17";
				CLANG_ENABLE_MODULES = YES;
				CLANG_ENABLE_OBJC_ARC = YES;
				CLANG_ENABLE_OBJC_WEAK = YES;
				CLANG_WARN_BLOCK_CAPTURE_AUTORELEASING = YES;
				CLANG_WARN_BOOL_CONVERSION = YES;
				CLANG_WARN_COMMA = YES;
				CLANG_WARN_CONSTANT_CONVERSION = YES;
				CLANG_WARN_DEPRECATED_OBJC_IMPLEMENTATIONS = YES;
				CLANG_WARN_DIRECT_OBJC_ISA_USAGE = YES_ERROR;
				CLANG_WARN_DOCUMENTATION_COMMENTS = YES;
				CLANG_WARN_EMPTY_BODY = YES;
				CLANG_WARN_ENUM_CONVERSION = YES;
				CLANG_WARN_INFINITE_RECURSION = YES;
				CLANG_WARN_INT_CONVERSION = YES;
				CLANG_WARN_NON_LITERAL_NULL_CONVERSION = YES;
				CLANG_WARN_OBJC_IMPLICIT_RETAIN_SELF = YES;
				CLANG_WARN_OBJC_LITERAL_CONVERSION = YES;
				CLANG_WARN_OBJC_ROOT_CLASS = YES_ERROR;
				CLANG_WARN_QUOTED_INCLUDE_IN_FRAMEWORK_HEADER = YES;
				CLANG_WARN_RANGE_LOOP_ANALYSIS = YES;
				CLANG_WARN_STRICT_PROTOTYPES = YES;
				CLANG_WARN_SUSPICIOUS_MOVE = YES;
				CLANG_WARN_UNGUARDED_AVAILABILITY = YES_AGGRESSIVE;
				CLANG_WARN_UNREACHABLE_CODE = YES;
				CLANG_WARN__DUPLICATE_METHOD_MATCH = YES;
				COPY_PHASE_STRIP = NO;
				DEBUG_INFORMATION_FORMAT = dwarf;
				ENABLE_STRICT_OBJC_MSGSEND = YES;
				ENABLE_TESTABILITY = YES;
				GCC_C_LANGUAGE_STANDARD = gnu11;
				GCC_DYNAMIC_NO_PIC = NO;
				GCC_NO_COMMON_BLOCKS = YES;
				GCC_OPTIMIZATION_LEVEL = 0;
				GCC_PREPROCESSOR_DEFINITIONS = (
					"DEBUG=1",
					"$(inherited)",
				);
				GCC_WARN_64_TO_32_BIT_CONVERSION = YES;
				GCC_WARN_ABOUT_RETURN_TYPE = YES_ERROR;
				GCC_WARN_UNDECLARED_SELECTOR = YES;
				GCC_WARN_UNINITIALIZED_AUTOS = YES_AGGRESSIVE;
				GCC_WARN_UNUSED_FUNCTION = YES;
				GCC_WARN_UNUSED_VARIABLE = YES;
				MACOSX_DEPLOYMENT_TARGET = 12.3;
				MTL_ENABLE_DEBUG_INFO = INCLUDE_SOURCE;
				MTL_FAST_MATH = YES;
				ONLY_ACTIVE_ARCH = YES;
				SDKROOT = macosx;
			};
			name = Debug;
		};
		64023A24285CEEAB009C648D /* Release */ = {
			isa = XCBuildConfiguration;
			buildSettings = {
				ALWAYS_SEARCH_USER_PATHS = NO;
				CLANG_ANALYZER_NONNULL = YES;
				CLANG_ANALYZER_NUMBER_OBJECT_CONVERSION = YES_AGGRESSIVE;
				CLANG_CXX_LANGUAGE_STANDARD = "gnu++17";
				CLANG_ENABLE_MODULES = YES;
				CLANG_ENABLE_OBJC_ARC = YES;
				CLANG_ENABLE_OBJC_WEAK = YES;
				CLANG_WARN_BLOCK_CAPTURE_AUTORELEASING = YES;
				CLANG_WARN_BOOL_CONVERSION = YES;
				CLANG_WARN_COMMA = YES;
				CLANG_WARN_CONSTANT_CONVERSION = YES;
				CLANG_WARN_DEPRECATED_OBJC_IMPLEMENTATIONS = YES;
				CLANG_WARN_DIRECT_OBJC_ISA_USAGE = YES_ERROR;
				CLANG_WARN_DOCUMENTATION_COMMENTS = YES;
				CLANG_WARN_EMPTY_BODY = YES;
				CLANG_WARN_ENUM_CONVERSION = YES;
				CLANG_WARN_INFINITE_RECURSION = YES;
				CLANG_WARN_INT_CONVERSION = YES;
				CLANG_WARN_NON_LITERAL_NULL_CONVERSION = YES;
				CLANG_WARN_OBJC_IMPLICIT_RETAIN_SELF = YES;
				CLANG_WARN_OBJC_LITERAL_CONVERSION = YES;
				CLANG_WARN_OBJC_ROOT_CLASS = YES_ERROR;
				CLANG_WARN_QUOTED_INCLUDE_IN_FRAMEWORK_HEADER = YES;
				CLANG_WARN_RANGE_LOOP_ANALYSIS = YES;
				CLANG_WARN_STRICT_PROTOTYPES = YES;
				CLANG_WARN_SUSPICIOUS_MOVE = YES;
				CLANG_WARN_UNGUARDED_AVAILABILITY = YES_AGGRESSIVE;
				CLANG_WARN_UNREACHABLE_CODE = YES;
				CLANG_WARN__DUPLICATE_METHOD_MATCH = YES;
				COPY_PHASE_STRIP = NO;
				DEBUG_INFORMATION_FORMAT = "dwarf-with-dsym";
				ENABLE_NS_ASSERTIONS = NO;
				ENABLE_STRICT_OBJC_MSGSEND = YES;
				GCC_C_LANGUAGE_STANDARD = gnu11;
				GCC_NO_COMMON_BLOCKS = YES;
				GCC_WARN_64_TO_32_BIT_CONVERSION = YES;
				GCC_WARN_ABOUT_RETURN_TYPE = YES_ERROR;
				GCC_WARN_UNDECLARED_SELECTOR = YES;
				GCC_WARN_UNINITIALIZED_AUTOS = YES_AGGRESSIVE;
				GCC_WARN_UNUSED_FUNCTION = YES;
				GCC_WARN_UNUSED_VARIABLE = YES;
				MACOSX_DEPLOYMENT_TARGET = 12.3;
				MTL_ENABLE_DEBUG_INFO = NO;
				MTL_FAST_MATH = YES;
				SDKROOT = macosx;
			};
			name = Release;
		};
		64023A26285CEEAB009C648D /* Debug */ = {
			isa = XCBuildConfiguration;
			buildSettings = {
				CODE_SIGN_STYLE = Automatic;
				EXECUTABLE_PREFIX = lib;
				PRODUCT_NAME = "$(TARGET_NAME)";
				SKIP_INSTALL = YES;
			};
			name = Debug;
		};
		64023A27285CEEAB009C648D /* Release */ = {
			isa = XCBuildConfiguration;
			buildSettings = {
				CODE_SIGN_STYLE = Automatic;
				EXECUTABLE_PREFIX = lib;
				PRODUCT_NAME = "$(TARGET_NAME)";
				SKIP_INSTALL = YES;
			};
			name = Release;
		};
		64023A36285CEEF5009C648D /* Debug */ = {
			isa = XCBuildConfiguration;
			buildSettings = {
				CODE_SIGN_STYLE = Automatic;
				CURRENT_PROJECT_VERSION = 1;
				GENERATE_INFOPLIST_FILE = YES;
				MARKETING_VERSION = 1.0;
				PRODUCT_BUNDLE_IDENTIFIER = coldani.Tests;
				PRODUCT_NAME = "$(TARGET_NAME)";
				SWIFT_EMIT_LOC_STRINGS = NO;
			};
			name = Debug;
		};
		64023A37285CEEF5009C648D /* Release */ = {
			isa = XCBuildConfiguration;
			buildSettings = {
				CODE_SIGN_STYLE = Automatic;
				CURRENT_PROJECT_VERSION = 1;
				GENERATE_INFOPLIST_FILE = YES;
				MARKETING_VERSION = 1.0;
				PRODUCT_BUNDLE_IDENTIFIER = coldani.Tests;
				PRODUCT_NAME = "$(TARGET_NAME)";
				SWIFT_EMIT_LOC_STRINGS = NO;
			};
			name = Release;
		};
/* End XCBuildConfiguration section */

/* Begin XCConfigurationList section */
		64023A1C285CEEAB009C648D /* Build configuration list for PBXProject "numpp" */ = {
			isa = XCConfigurationList;
			buildConfigurations = (
				64023A23285CEEAB009C648D /* Debug */,
				64023A24285CEEAB009C648D /* Release */,
			);
			defaultConfigurationIsVisible = 0;
			defaultConfigurationName = Release;
		};
		64023A25285CEEAB009C648D /* Build configuration list for PBXNativeTarget "numpp" */ = {
			isa = XCConfigurationList;
			buildConfigurations = (
				64023A26285CEEAB009C648D /* Debug */,
				64023A27285CEEAB009C648D /* Release */,
			);
			defaultConfigurationIsVisible = 0;
			defaultConfigurationName = Release;
		};
		64023A35285CEEF5009C648D /* Build configuration list for PBXNativeTarget "Tests" */ = {
			isa = XCConfigurationList;
			buildConfigurations = (
				64023A36285CEEF5009C648D /* Debug */,
				64023A37285CEEF5009C648D /* Release */,
			);
			defaultConfigurationIsVisible = 0;
			defaultConfigurationName = Release;
		};
/* End XCConfigurationList section */
	};
	rootObject = 64023A19285CEEAB009C648D /* Project object */;
}
